
Microsoft Visual Studio Solution File, Format Version 12.00
# Visual Studio Version 17
VisualStudioVersion = 17.5.33516.290
MinimumVisualStudioVersion = 10.0.40219.1
Project("{FAE04EC0-301F-11D3-BF4B-00C04F79EFBC}") = "IRIS Software Technical Test", "IRIS Software Technical Test\IRIS Software Technical Test.csproj", "{C9853EE8-D324-4D4D-9BC0-B9E571C838A2}"
EndProject
Global
	GlobalSection(SolutionConfigurationPlatforms) = preSolution
		Debug|Any CPU = Debug|Any CPU
		Release|Any CPU = Release|Any CPU
	EndGlobalSection
	GlobalSection(ProjectConfigurationPlatforms) = postSolution
		{C9853EE8-D324-4D4D-9BC0-B9E571C838A2}.Debug|Any CPU.ActiveCfg = Debug|Any CPU
		{C9853EE8-D324-4D4D-9BC0-B9E571C838A2}.Debug|Any CPU.Build.0 = Debug|Any CPU
		{C9853EE8-D324-4D4D-9BC0-B9E571C838A2}.Release|Any CPU.ActiveCfg = Release|Any CPU
		{C9853EE8-D324-4D4D-9BC0-B9E571C838A2}.Release|Any CPU.Build.0 = Release|Any CPU
	EndGlobalSection
	GlobalSection(SolutionProperties) = preSolution
		HideSolutionNode = FALSE
	EndGlobalSection
	GlobalSection(ExtensibilityGlobals) = postSolution
		SolutionGuid = {8D617F02-5341-4528-8797-12013B4B319A}
	EndGlobalSection
EndGlobal
